PODS:
  - AlipaySDK-iOS (15.5.9)
  - WechatOpenSDK (1.8.4)

DEPENDENCIES:
  - AlipaySDK-iOS
  - WechatOpenSDK

SPEC REPOS:
  https://github.com/cocoapods/specs.git:
    - AlipaySDK-iOS
    - WechatOpenSDK

SPEC CHECKSUMS:
  AlipaySDK-iOS: 1c5283b30977a24acecc0114662697f7dc78f618
  WechatOpenSDK: 9b721089507c895d05f997408c30bb6e6f5f9b60

PODFILE CHECKSUM: c880770b78b879ee9df5ecb10bef7fc1b77ca1db

COCOAPODS: 1.6.1
